{
  "name": "backend",
  "lockfileVersion": 3,
  "requires": true,
  "packages": {
    "": {
      "name": "backend",
      "dependencies": {
        "@elysia/cors": "^1.4.2",
        "@elysiajs/cors": "^1.4.2",
        "@elysiajs/jwt": "^1.4.2",
        "@elysiajs/swagger": "^1.3.1",
        "@libsql/client": "^0.17.3",
        "arctic": "^3.7.0",
        "bcryptjs": "^3.0.3",
        "dotenv": "^17.4.2",
        "elysia": "^1.4.28",
        "jsonwebtoken": "^9.0.3",
        "resend": "^6.12.4"
      },
      "devDependencies": {
        "@types/bun": "latest",
        "@types/jsonwebtoken": "^9.0.10"
      },
      "peerDependencies": {
        "typescript": "^6.0.3"
      }
    },
    "node_modules/@borewit/text-codec": {
      "version": "0.2.2",
      "license": "MIT",
      "peer": true,
      "funding": {
        "type": "github",
        "url": "https://github.com/sponsors/Borewit"
      }
    },
    "node_modules/@elysia/cors": {
      "version": "1.4.2",
      "license": "MIT",
      "peerDependencies": {
        "elysia": ">= 1.4.0"
      }
    },
    "node_modules/@elysiajs/cors": {
      "version": "1.4.2",
      "license": "MIT",
      "peerDependencies": {
        "elysia": ">= 1.4.0"
      }
    },
    "node_modules/@elysiajs/jwt": {
      "version": "1.4.2",
      "license": "MIT",
      "dependencies": {
        "jose": "^6.0.11"
      },
      "peerDependencies": {
        "elysia": ">= 1.4.27"
      }
    },
    "node_modules/@elysiajs/swagger": {
      "version": "1.3.1",
      "license": "MIT",
      "dependencies": {
        "@scalar/themes": "^0.9.52",
        "@scalar/types": "^0.0.12",
        "openapi-types": "^12.1.3",
        "pathe": "^1.1.2"
      },
      "peerDependencies": {
        "elysia": ">= 1.3.0"
      }
    },
    "node_modules/@libsql/client": {
      "version": "0.17.3",
      "license": "MIT",
      "dependencies": {
        "@libsql/core": "^0.17.3",
        "@libsql/hrana-client": "^0.10.0",
        "js-base64": "^3.7.5",
        "libsql": "^0.5.28",
        "promise-limit": "^2.7.0"
      }
    },
    "node_modules/@libsql/core": {
      "version": "0.17.3",
      "license": "MIT",
      "dependencies": {
        "js-base64": "^3.7.5"
      }
    },
    "node_modules/@libsql/darwin-arm64": {
      "version": "0.5.29",
      "cpu": [
        "arm64"
      ],
      "license": "MIT",
      "optional": true,
      "os": [
        "darwin"
      ]
    },
    "node_modules/@libsql/darwin-x64": {
      "version": "0.5.29",
      "resolved": "https://registry.npmjs.org/@libsql/darwin-x64/-/darwin-x64-0.5.29.tgz",
      "integrity": "sha512-OtT+KFHsKFy1R5FVadr8FJ2Bb1mghtXTyJkxv0trocq7NuHntSki1eUbxpO5ezJesDvBlqFjnWaYYY516QNLhQ==",
      "cpu": [
        "x64"
      ],
      "license": "MIT",
      "optional": true,
      "os": [
        "darwin"
      ]
    },
    "node_modules/@libsql/hrana-client": {
      "version": "0.10.0",
      "license": "MIT",
      "dependencies": {
        "@libsql/isomorphic-ws": "^0.1.5",
        "js-base64": "^3.7.5"
      }
    },
    "node_modules/@libsql/isomorphic-ws": {
      "version": "0.1.5",
      "license": "MIT",
      "dependencies": {
        "@types/ws": "^8.5.4",
        "ws": "^8.13.0"
      }
    },
    "node_modules/@libsql/linux-arm-gnueabihf": {
      "version": "0.5.29",
      "resolved": "https://registry.npmjs.org/@libsql/linux-arm-gnueabihf/-/linux-arm-gnueabihf-0.5.29.tgz",
      "integrity": "sha512-CD4n4zj7SJTHso4nf5cuMoWoMSS7asn5hHygsDuhRl8jjjCTT3yE+xdUvI4J7zsyb53VO5ISh4cwwOtf6k2UhQ==",
      "cpu": [
        "arm"
      ],
      "license": "MIT",
      "optional": true,
      "os": [
        "linux"
      ]
    },
    "node_modules/@libsql/linux-arm-musleabihf": {
      "version": "0.5.29",
      "resolved": "https://registry.npmjs.org/@libsql/linux-arm-musleabihf/-/linux-arm-musleabihf-0.5.29.tgz",
      "integrity": "sha512-2Z9qBVpEJV7OeflzIR3+l5yAd4uTOLxklScYTwpZnkm2vDSGlC1PRlueLaufc4EFITkLKXK2MWBpexuNJfMVcg==",
      "cpu": [
        "arm"
      ],
      "license": "MIT",
      "optional": true,
      "os": [
        "linux"
      ]
    },
    "node_modules/@libsql/linux-arm64-gnu": {
      "version": "0.5.29",
      "resolved": "https://registry.npmjs.org/@libsql/linux-arm64-gnu/-/linux-arm64-gnu-0.5.29.tgz",
      "integrity": "sha512-gURBqaiXIGGwFNEaUj8Ldk7Hps4STtG+31aEidCk5evMMdtsdfL3HPCpvys+ZF/tkOs2MWlRWoSq7SOuCE9k3w==",
      "cpu": [
        "arm64"
      ],
      "license": "MIT",
      "optional": true,
      "os": [
        "linux"
      ]
    },
    "node_modules/@libsql/linux-arm64-musl": {
      "version": "0.5.29",
      "resolved": "https://registry.npmjs.org/@libsql/linux-arm64-musl/-/linux-arm64-musl-0.5.29.tgz",
      "integrity": "sha512-fwgYZ0H8mUkyVqXZHF3mT/92iIh1N94Owi/f66cPVNsk9BdGKq5gVpoKO+7UxaNzuEH1roJp2QEwsCZMvBLpqg==",
      "cpu": [
        "arm64"
      ],
      "license": "MIT",
      "optional": true,
      "os": [
        "linux"
      ]
    },
    "node_modules/@libsql/linux-x64-gnu": {
      "version": "0.5.29",
      "resolved": "https://registry.npmjs.org/@libsql/linux-x64-gnu/-/linux-x64-gnu-0.5.29.tgz",
      "integrity": "sha512-y14V0vY0nmMC6G0pHeJcEarcnGU2H6cm21ZceRkacWHvQAEhAG0latQkCtoS2njFOXiYIg+JYPfAoWKbi82rkg==",
      "cpu": [
        "x64"
      ],
      "license": "MIT",
      "optional": true,
      "os": [
        "linux"
      ]
    },
    "node_modules/@libsql/linux-x64-musl": {
      "version": "0.5.29",
      "resolved": "https://registry.npmjs.org/@libsql/linux-x64-musl/-/linux-x64-musl-0.5.29.tgz",
      "integrity": "sha512-gquqwA/39tH4pFl+J9n3SOMSymjX+6kZ3kWgY3b94nXFTwac9bnFNMffIomgvlFaC4ArVqMnOZD3nuJ3H3VO1w==",
      "cpu": [
        "x64"
      ],
      "license": "MIT",
      "optional": true,
      "os": [
        "linux"
      ]
    },
    "node_modules/@libsql/win32-x64-msvc": {
      "version": "0.5.29",
      "resolved": "https://registry.npmjs.org/@libsql/win32-x64-msvc/-/win32-x64-msvc-0.5.29.tgz",
      "integrity": "sha512-4/0CvEdhi6+KjMxMaVbFM2n2Z44escBRoEYpR+gZg64DdetzGnYm8mcNLcoySaDJZNaBd6wz5DNdgRmcI4hXcg==",
      "cpu": [
        "x64"
      ],
      "license": "MIT",
      "optional": true,
      "os": [
        "win32"
      ]
    },
    "node_modules/@neon-rs/load": {
      "version": "0.0.4",
      "license": "MIT"
    },
    "node_modules/@oslojs/asn1": {
      "version": "1.0.0",
      "license": "MIT",
      "dependencies": {
        "@oslojs/binary": "1.0.0"
      }
    },
    "node_modules/@oslojs/binary": {
      "version": "1.0.0",
      "license": "MIT"
    },
    "node_modules/@oslojs/crypto": {
      "version": "1.0.1",
      "license": "MIT",
      "dependencies": {
        "@oslojs/asn1": "1.0.0",
        "@oslojs/binary": "1.0.0"
      }
    },
    "node_modules/@oslojs/encoding": {
      "version": "1.1.0",
      "license": "MIT"
    },
    "node_modules/@oslojs/jwt": {
      "version": "0.2.0",
      "license": "MIT",
      "dependencies": {
        "@oslojs/encoding": "0.4.1"
      }
    },
    "node_modules/@oslojs/jwt/node_modules/@oslojs/encoding": {
      "version": "0.4.1",
      "license": "MIT"
    },
    "node_modules/@scalar/openapi-types": {
      "version": "0.1.1",
      "license": "MIT",
      "engines": {
        "node": ">=18"
      }
    },
    "node_modules/@scalar/themes": {
      "version": "0.9.86",
      "license": "MIT",
      "dependencies": {
        "@scalar/types": "0.1.7"
      },
      "engines": {
        "node": ">=18"
      }
    },
    "node_modules/@scalar/themes/node_modules/@scalar/types": {
      "version": "0.1.7",
      "license": "MIT",
      "dependencies": {
        "@scalar/openapi-types": "0.2.0",
        "@unhead/schema": "^1.11.11",
        "nanoid": "^5.1.5",
        "type-fest": "^4.20.0",
        "zod": "^3.23.8"
      },
      "engines": {
        "node": ">=18"
      }
    },
    "node_modules/@scalar/themes/node_modules/@scalar/types/node_modules/@scalar/openapi-types": {
      "version": "0.2.0",
      "license": "MIT",
      "dependencies": {
        "zod": "^3.23.8"
      },
      "engines": {
        "node": ">=18"
      }
    },
    "node_modules/@scalar/types": {
      "version": "0.0.12",
      "license": "MIT",
      "dependencies": {
        "@scalar/openapi-types": "0.1.1",
        "@unhead/schema": "^1.9.5"
      },
      "engines": {
        "node": ">=18"
      }
    },
    "node_modules/@sinclair/typebox": {
      "version": "0.34.49",
      "license": "MIT",
      "peer": true
    },
    "node_modules/@stablelib/base64": {
      "version": "1.0.1",
      "license": "MIT"
    },
    "node_modules/@tokenizer/inflate": {
      "version": "0.4.1",
      "license": "MIT",
      "peer": true,
      "dependencies": {
        "debug": "^4.4.3",
        "token-types": "^6.1.1"
      },
      "engines": {
        "node": ">=18"
      },
      "funding": {
        "type": "github",
        "url": "https://github.com/sponsors/Borewit"
      }
    },
    "node_modules/@tokenizer/token": {
      "version": "0.3.0",
      "license": "MIT",
      "peer": true
    },
    "node_modules/@types/bun": {
      "version": "1.3.14",
      "resolved": "https://registry.npmjs.org/@types/bun/-/bun-1.3.14.tgz",
      "integrity": "sha512-h1hFqFVcvAvD9j9K7ZW7vd82aSA+rTdznZa+5bwvCwqSB1jmmfLcbIWhOLx1/+boy/xmjgCs/OMUL8hRJSmnPw==",
      "devOptional": true,
      "license": "MIT",
      "dependencies": {
        "bun-types": "1.3.14"
      }
    },
    "node_modules/@types/jsonwebtoken": {
      "version": "9.0.10",
      "dev": true,
      "license": "MIT",
      "dependencies": {
        "@types/ms": "*",
        "@types/node": "*"
      }
    },
    "node_modules/@types/ms": {
      "version": "2.1.0",
      "dev": true,
      "license": "MIT"
    },
    "node_modules/@types/node": {
      "version": "25.9.0",
      "license": "MIT",
      "dependencies": {
        "undici-types": ">=7.24.0 <7.24.7"
      }
    },
    "node_modules/@types/ws": {
      "version": "8.18.1",
      "license": "MIT",
      "dependencies": {
        "@types/node": "*"
      }
    },
    "node_modules/@unhead/schema": {
      "version": "1.11.20",
      "license": "MIT",
      "dependencies": {
        "hookable": "^5.5.3",
        "zhead": "^2.2.4"
      },
      "funding": {
        "url": "https://github.com/sponsors/harlan-zw"
      }
    },
    "node_modules/arctic": {
      "version": "3.7.0",
      "license": "MIT",
      "dependencies": {
        "@oslojs/crypto": "1.0.1",
        "@oslojs/encoding": "1.1.0",
        "@oslojs/jwt": "0.2.0"
      }
    },
    "node_modules/bcryptjs": {
      "version": "3.0.3",
      "license": "BSD-3-Clause",
      "bin": {
        "bcrypt": "bin/bcrypt"
      }
    },
    "node_modules/buffer-equal-constant-time": {
      "version": "1.0.1",
      "license": "BSD-3-Clause"
    },
    "node_modules/bun-types": {
      "version": "1.3.14",
      "devOptional": true,
      "license": "MIT",
      "dependencies": {
        "@types/node": "*"
      }
    },
    "node_modules/cookie": {
      "version": "1.1.1",
      "license": "MIT",
      "engines": {
        "node": ">=18"
      },
      "funding": {
        "type": "opencollective",
        "url": "https://opencollective.com/express"
      }
    },
    "node_modules/debug": {
      "version": "4.4.3",
      "license": "MIT",
      "peer": true,
      "dependencies": {
        "ms": "^2.1.3"
      },
      "engines": {
        "node": ">=6.0"
      },
      "peerDependenciesMeta": {
        "supports-color": {
          "optional": true
        }
      }
    },
    "node_modules/detect-libc": {
      "version": "2.0.2",
      "license": "Apache-2.0",
      "engines": {
        "node": ">=8"
      }
    },
    "node_modules/dotenv": {
      "version": "17.4.2",
      "license": "BSD-2-Clause",
      "engines": {
        "node": ">=12"
      },
      "funding": {
        "url": "https://dotenvx.com"
      }
    },
    "node_modules/ecdsa-sig-formatter": {
      "version": "1.0.11",
      "license": "Apache-2.0",
      "dependencies": {
        "safe-buffer": "^5.0.1"
      }
    },
    "node_modules/elysia": {
      "version": "1.4.28",
      "license": "MIT",
      "dependencies": {
        "cookie": "^1.1.1",
        "exact-mirror": "^0.2.7",
        "fast-decode-uri-component": "^1.0.1",
        "memoirist": "^0.4.0"
      },
      "peerDependencies": {
        "@sinclair/typebox": ">= 0.34.0 < 1",
        "@types/bun": ">= 1.2.0",
        "exact-mirror": ">= 0.0.9",
        "file-type": ">= 20.0.0",
        "openapi-types": ">= 12.0.0",
        "typescript": ">= 5.0.0"
      },
      "peerDependenciesMeta": {
        "@types/bun": {
          "optional": true
        },
        "typescript": {
          "optional": true
        }
      }
    },
    "node_modules/exact-mirror": {
      "version": "0.2.7",
      "license": "MIT",
      "peerDependencies": {
        "@sinclair/typebox": "^0.34.15"
      },
      "peerDependenciesMeta": {
        "@sinclair/typebox": {
          "optional": true
        }
      }
    },
    "node_modules/fast-decode-uri-component": {
      "version": "1.0.1",
      "license": "MIT"
    },
    "node_modules/fast-sha256": {
      "version": "1.3.0",
      "license": "Unlicense"
    },
    "node_modules/file-type": {
      "version": "22.0.1",
      "license": "MIT",
      "peer": true,
      "dependencies": {
        "@tokenizer/inflate": "^0.4.1",
        "strtok3": "^10.3.5",
        "token-types": "^6.1.2",
        "uint8array-extras": "^1.5.0"
      },
      "engines": {
        "node": ">=22"
      },
      "funding": {
        "url": "https://github.com/sindresorhus/file-type?sponsor=1"
      }
    },
    "node_modules/hookable": {
      "version": "5.5.3",
      "license": "MIT"
    },
    "node_modules/ieee754": {
      "version": "1.2.1",
      "funding": [
        {
          "type": "github",
          "url": "https://github.com/sponsors/feross"
        },
        {
          "type": "patreon",
          "url": "https://www.patreon.com/feross"
        },
        {
          "type": "consulting",
          "url": "https://feross.org/support"
        }
      ],
      "license": "BSD-3-Clause",
      "peer": true
    },
    "node_modules/jose": {
      "version": "6.2.3",
      "license": "MIT",
      "funding": {
        "url": "https://github.com/sponsors/panva"
      }
    },
    "node_modules/js-base64": {
      "version": "3.7.8",
      "license": "BSD-3-Clause"
    },
    "node_modules/jsonwebtoken": {
      "version": "9.0.3",
      "license": "MIT",
      "dependencies": {
        "jws": "^4.0.1",
        "lodash.includes": "^4.3.0",
        "lodash.isboolean": "^3.0.3",
        "lodash.isinteger": "^4.0.4",
        "lodash.isnumber": "^3.0.3",
        "lodash.isplainobject": "^4.0.6",
        "lodash.isstring": "^4.0.1",
        "lodash.once": "^4.0.0",
        "ms": "^2.1.1",
        "semver": "^7.5.4"
      },
      "engines": {
        "node": ">=12",
        "npm": ">=6"
      }
    },
    "node_modules/jwa": {
      "version": "2.0.1",
      "license": "MIT",
      "dependencies": {
        "buffer-equal-constant-time": "^1.0.1",
        "ecdsa-sig-formatter": "1.0.11",
        "safe-buffer": "^5.0.1"
      }
    },
    "node_modules/jws": {
      "version": "4.0.1",
      "license": "MIT",
      "dependencies": {
        "jwa": "^2.0.1",
        "safe-buffer": "^5.0.1"
      }
    },
    "node_modules/libsql": {
      "version": "0.5.29",
      "cpu": [
        "x64",
        "arm64",
        "wasm32",
        "arm"
      ],
      "license": "MIT",
      "os": [
        "darwin",
        "linux",
        "win32"
      ],
      "dependencies": {
        "@neon-rs/load": "^0.0.4",
        "detect-libc": "2.0.2"
      },
      "optionalDependencies": {
        "@libsql/darwin-arm64": "0.5.29",
        "@libsql/darwin-x64": "0.5.29",
        "@libsql/linux-arm-gnueabihf": "0.5.29",
        "@libsql/linux-arm-musleabihf": "0.5.29",
        "@libsql/linux-arm64-gnu": "0.5.29",
        "@libsql/linux-arm64-musl": "0.5.29",
        "@libsql/linux-x64-gnu": "0.5.29",
        "@libsql/linux-x64-musl": "0.5.29",
        "@libsql/win32-x64-msvc": "0.5.29"
      }
    },
    "node_modules/lodash.includes": {
      "version": "4.3.0",
      "license": "MIT"
    },
    "node_modules/lodash.isboolean": {
      "version": "3.0.3",
      "license": "MIT"
    },
    "node_modules/lodash.isinteger": {
      "version": "4.0.4",
      "license": "MIT"
    },
    "node_modules/lodash.isnumber": {
      "version": "3.0.3",
      "license": "MIT"
    },
    "node_modules/lodash.isplainobject": {
      "version": "4.0.6",
      "license": "MIT"
    },
    "node_modules/lodash.isstring": {
      "version": "4.0.1",
      "license": "MIT"
    },
    "node_modules/lodash.once": {
      "version": "4.1.1",
      "license": "MIT"
    },
    "node_modules/memoirist": {
      "version": "0.4.0",
      "license": "MIT"
    },
    "node_modules/ms": {
      "version": "2.1.3",
      "license": "MIT"
    },
    "node_modules/nanoid": {
      "version": "5.1.11",
      "funding": [
        {
          "type": "github",
          "url": "https://github.com/sponsors/ai"
        }
      ],
      "license": "MIT",
      "bin": {
        "nanoid": "bin/nanoid.js"
      },
      "engines": {
        "node": "^18 || >=20"
      }
    },
    "node_modules/openapi-types": {
      "version": "12.1.3",
      "license": "MIT"
    },
    "node_modules/pathe": {
      "version": "1.1.2",
      "license": "MIT"
    },
    "node_modules/postal-mime": {
      "version": "2.7.4",
      "license": "MIT-0"
    },
    "node_modules/promise-limit": {
      "version": "2.7.0",
      "license": "ISC"
    },
    "node_modules/resend": {
      "version": "6.12.4",
      "license": "MIT",
      "dependencies": {
        "postal-mime": "2.7.4",
        "standardwebhooks": "1.0.0"
      },
      "engines": {
        "node": ">=20"
      },
      "peerDependencies": {
        "@react-email/render": "*"
      },
      "peerDependenciesMeta": {
        "@react-email/render": {
          "optional": true
        }
      }
    },
    "node_modules/safe-buffer": {
      "version": "5.2.1",
      "funding": [
        {
          "type": "github",
          "url": "https://github.com/sponsors/feross"
        },
        {
          "type": "patreon",
          "url": "https://www.patreon.com/feross"
        },
        {
          "type": "consulting",
          "url": "https://feross.org/support"
        }
      ],
      "license": "MIT"
    },
    "node_modules/semver": {
      "version": "7.8.1",
      "license": "ISC",
      "bin": {
        "semver": "bin/semver.js"
      },
      "engines": {
        "node": ">=10"
      }
    },
    "node_modules/standardwebhooks": {
      "version": "1.0.0",
      "license": "MIT",
      "dependencies": {
        "@stablelib/base64": "^1.0.0",
        "fast-sha256": "^1.3.0"
      }
    },
    "node_modules/strtok3": {
      "version": "10.3.5",
      "license": "MIT",
      "peer": true,
      "dependencies": {
        "@tokenizer/token": "^0.3.0"
      },
      "engines": {
        "node": ">=18"
      },
      "funding": {
        "type": "github",
        "url": "https://github.com/sponsors/Borewit"
      }
    },
    "node_modules/token-types": {
      "version": "6.1.2",
      "license": "MIT",
      "peer": true,
      "dependencies": {
        "@borewit/text-codec": "^0.2.1",
        "@tokenizer/token": "^0.3.0",
        "ieee754": "^1.2.1"
      },
      "engines": {
        "node": ">=14.16"
      },
      "funding": {
        "type": "github",
        "url": "https://github.com/sponsors/Borewit"
      }
    },
    "node_modules/type-fest": {
      "version": "4.41.0",
      "license": "(MIT OR CC0-1.0)",
      "engines": {
        "node": ">=16"
      },
      "funding": {
        "url": "https://github.com/sponsors/sindresorhus"
      }
    },
    "node_modules/typescript": {
      "version": "6.0.3",
      "resolved": "https://registry.npmjs.org/typescript/-/typescript-6.0.3.tgz",
      "integrity": "sha512-y2TvuxSZPDyQakkFRPZHKFm+KKVqIisdg9/CZwm9ftvKXLP8NRWj38/ODjNbr43SsoXqNuAisEf1GdCxqWcdBw==",
      "license": "Apache-2.0",
      "peer": true,
      "bin": {
        "tsc": "bin/tsc",
        "tsserver": "bin/tsserver"
      },
      "engines": {
        "node": ">=14.17"
      }
    },
    "node_modules/uint8array-extras": {
      "version": "1.5.0",
      "license": "MIT",
      "peer": true,
      "engines": {
        "node": ">=18"
      },
      "funding": {
        "url": "https://github.com/sponsors/sindresorhus"
      }
    },
    "node_modules/undici-types": {
      "version": "7.24.6",
      "license": "MIT"
    },
    "node_modules/ws": {
      "version": "8.21.0",
      "license": "MIT",
      "engines": {
        "node": ">=10.0.0"
      },
      "peerDependencies": {
        "bufferutil": "^4.0.1",
        "utf-8-validate": ">=5.0.2"
      },
      "peerDependenciesMeta": {
        "bufferutil": {
          "optional": true
        },
        "utf-8-validate": {
          "optional": true
        }
      }
    },
    "node_modules/zhead": {
      "version": "2.2.4",
      "license": "MIT",
      "funding": {
        "url": "https://github.com/sponsors/harlan-zw"
      }
    },
    "node_modules/zod": {
      "version": "3.25.76",
      "license": "MIT",
      "funding": {
        "url": "https://github.com/sponsors/colinhacks"
      }
    }
  }
}
